# THIS IS AN AUTOGENERATED FILE. DO NOT EDIT THIS FILE DIRECTLY.
# yarn lockfile v1


bs-platform@^8.3.1:
  version "8.3.3"
  resolved "https://registry.yarnpkg.com/bs-platform/-/bs-platform-8.3.3.tgz#68e3796ad0607c55da0f45fe14c0ce0aaf69682c"
  integrity sha512-ayS5wdvrOX6PxU2wX7O2rLllzsQDzmGq582NNDFwfM6b9HQu7ki242Pc46o2/CnGHHumKVarpX0IZzjC2Llgcg==
