# THIS IS AN AUTOGENERATED FILE. DO NOT EDIT THIS FILE DIRECTLY.
# yarn lockfile v1


bs-platform@^8.3.1:
  version "8.3.1"
  resolved "https://registry.yarnpkg.com/bs-platform/-/bs-platform-8.3.1.tgz#49ac0d7b84bcec190a7361353557cae965f92c67"
  integrity sha512-U7nKEGF1BfvODzcv1g2loeltE8YRCgX8mMlCojImsgI0HwfQKEq7ggO5dF1ae9ZfFxiLaI0069ZyoK5GLBO2OQ==
